<?xml version="1.0" encoding="utf-8"?>
<Project ToolsVersion="4.0" xmlns="http://schemas.microsoft.com/developer/msbuild/2003">
  <ItemGroup>
    <ClCompile Include="App.cpp" />
    <ClCompile Include="pch.cpp" />
    <ClCompile Include="flutter\ephemeral\cpp_client_wrapper\flutter_view_controller.cc" />
  </ItemGroup>
  <ItemGroup>
    <ClInclude Include="pch.h" />
  </ItemGroup>
  <ItemGroup>
    <Image Include="Assets\Wide310x150Logo.scale-200.png">
      <Filter>Assets</Filter>
    </Image>
    <Image Include="Assets\StoreLogo.png">
      <Filter>Assets</Filter>
    </Image>
    <Image Include="Assets\Square150x150Logo.scale-200.png">
      <Filter>Assets</Filter>
    </Image>
    <Image Include="Assets\Square44x44Logo.targetsize-24_altform-unplated.png">
      <Filter>Assets</Filter>
    </Image>
    <Image Include="Assets\Square44x44Logo.scale-200.png">
      <Filter>Assets</Filter>
    </Image>
    <Image Include="Assets\SplashScreen.scale-200.png">
      <Filter>Assets</Filter>
    </Image>
    <Image Include="Assets\LockScreenLogo.scale-200.png">
      <Filter>Assets</Filter>
    </Image>
  </ItemGroup>
  <ItemGroup>
    <AppxManifest Include="Package.appxmanifest" />
  </ItemGroup>
  <ItemGroup>
    <Filter Include="Assets">
      <UniqueIdentifier>{db9086fe-bacc-4437-8272-1aa6642082db}</UniqueIdentifier>
    </Filter>
  </ItemGroup>
  <ItemGroup>
    <None Include="PropertySheet.props" />
    <None Include="packages.config" />
    <None Include="flutter_windows.dll" />
    <None Include="flutter_windows.dll.pdb" />
    <None Include="windowsuwp_TemporaryKey.pfx" />
    <None Include="Package.StoreAssociation.xml" />
    <None Include="Assets\data\icudtl.dat">
      <Filter>Assets</Filter>
    </None>
    <None Include="Assets\data\flutter_assets\FontManifest.json">
      <Filter>Assets</Filter>
    </None>
    <None Include="Assets\data\flutter_assets\isolate_snapshot_data">
      <Filter>Assets</Filter>
    </None>
    <None Include="Assets\data\flutter_assets\kernel_blob.bin">
      <Filter>Assets</Filter>
    </None>
    <None Include="Assets\data\flutter_assets\vm_snapshot_data">
      <Filter>Assets</Filter>
    </None>
    <None Include="Assets\data\flutter_assets\AssetManifest.json">
      <Filter>Assets</Filter>
    </None>
  </ItemGroup>
  <ItemGroup>
    <Text Include="readme.txt" />
  </ItemGroup>
  <ItemGroup>
    <Font Include="Assets\data\flutter_assets\packages\cupertino_icons\assets\CupertinoIcons.ttf">
      <Filter>Assets</Filter>
    </Font>
    <Font Include="Assets\data\flutter_assets\fonts\MaterialIcons-Regular.ttf">
      <Filter>Assets</Filter>
    </Font>
    <Font Include="Assets\data\flutter_assets\fonts\Roboto\Roboto-Medium.ttf">
      <Filter>Assets</Filter>
    </Font>
    <Font Include="Assets\data\flutter_assets\fonts\Roboto\Roboto-Regular.ttf">
      <Filter>Assets</Filter>
    </Font>
    <Font Include="Assets\data\flutter_assets\fonts\Roboto\Roboto-Thin.ttf">
      <Filter>Assets</Filter>
    </Font>
    <Font Include="Assets\data\flutter_assets\fonts\Roboto\Roboto-Black.ttf">
      <Filter>Assets</Filter>
    </Font>
    <Font Include="Assets\data\flutter_assets\fonts\Roboto\Roboto-Bold.ttf">
      <Filter>Assets</Filter>
    </Font>
    <Font Include="Assets\data\flutter_assets\fonts\Roboto\Roboto-Light.ttf">
      <Filter>Assets</Filter>
    </Font>
  </ItemGroup>
</Project>